
Microsoft Visual Studio Solution File, Format Version 12.00
Project("{FAE04EC0-301F-11D3-BF4B-00C04F79EFBC}") = "TestWebApplication", "TestWebApplication\TestWebApplication.csproj", "{02FFA993-2F65-4BB2-AD72-F4CA6B432554}"
EndProject
Global
	GlobalSection(SolutionConfigurationPlatforms) = preSolution
		Debug|Any CPU = Debug|Any CPU
		Release|Any CPU = Release|Any CPU
	EndGlobalSection
	GlobalSection(ProjectConfigurationPlatforms) = postSolution
		{02FFA993-2F65-4BB2-AD72-F4CA6B432554}.Debug|Any CPU.ActiveCfg = Debug|Any CPU
		{02FFA993-2F65-4BB2-AD72-F4CA6B432554}.Debug|Any CPU.Build.0 = Debug|Any CPU
		{02FFA993-2F65-4BB2-AD72-F4CA6B432554}.Release|Any CPU.ActiveCfg = Release|Any CPU
		{02FFA993-2F65-4BB2-AD72-F4CA6B432554}.Release|Any CPU.Build.0 = Release|Any CPU
	EndGlobalSection
EndGlobal
